
Microsoft Visual Studio Solution File, Format Version 12.00
# Visual Studio Version 17
VisualStudioVersion = 17.4.33213.308
MinimumVisualStudioVersion = 10.0.40219.1
Project("{FAE04EC0-301F-11D3-BF4B-00C04F79EFBC}") = "eCommerceProjectWeb", "eCommerceProjectWeb\eCommerceProjectWeb.csproj", "{7A13B593-C763-4683-A901-D7F93E72971D}"
EndProject
Global
	GlobalSection(SolutionConfigurationPlatforms) = preSolution
		Debug|Any CPU = Debug|Any CPU
		Release|Any CPU = Release|Any CPU
	EndGlobalSection
	GlobalSection(ProjectConfigurationPlatforms) = postSolution
		{7A13B593-C763-4683-A901-D7F93E72971D}.Debug|Any CPU.ActiveCfg = Debug|Any CPU
		{7A13B593-C763-4683-A901-D7F93E72971D}.Debug|Any CPU.Build.0 = Debug|Any CPU
		{7A13B593-C763-4683-A901-D7F93E72971D}.Release|Any CPU.ActiveCfg = Release|Any CPU
		{7A13B593-C763-4683-A901-D7F93E72971D}.Release|Any CPU.Build.0 = Release|Any CPU
	EndGlobalSection
	GlobalSection(SolutionProperties) = preSolution
		HideSolutionNode = FALSE
	EndGlobalSection
	GlobalSection(ExtensibilityGlobals) = postSolution
		SolutionGuid = {806A9E2D-CA17-4303-B841-7D7A62186A43}
	EndGlobalSection
EndGlobal
